
Microsoft Visual Studio Solution File, Format Version 12.00
# Visual Studio Version 17
VisualStudioVersion = 17.0.31410.414
MinimumVisualStudioVersion = 10.0.40219.1
Project("{9A19103F-16F7-4668-BE54-9A1E7A4F7556}") = "Sparky", "Sparky\Sparky.csproj", "{9F490846-9A3F-4821-A26F-470CDB3BB5A8}"
EndProject
Project("{9A19103F-16F7-4668-BE54-9A1E7A4F7556}") = "SparkyMSTest", "SparkyMSTest\SparkyMSTest.csproj", "{68DBD62B-9049-4CEA-B480-073272F2F67B}"
EndProject
Project("{9A19103F-16F7-4668-BE54-9A1E7A4F7556}") = "SparkyNUnitTest", "SparkyNUnitTest\SparkyNUnitTest.csproj", "{CBCB2192-2799-496B-A821-BE60BC922F44}"
EndProject
Project("{9A19103F-16F7-4668-BE54-9A1E7A4F7556}") = "SparkyXUnit", "SparkyXUnit\SparkyXUnit.csproj", "{8CF1FFC0-EFA8-43A8-9A33-FEE2286B9342}"
EndProject
Project("{2150E333-8FDC-42A3-9474-1A3956D46DE8}") = "Basic Fundation", "Basic Fundation", "{CBAABB1B-CB61-453A-BC9B-0BA96389F227}"
EndProject
Project("{2150E333-8FDC-42A3-9474-1A3956D46DE8}") = "BongoWeb", "BongoWeb", "{C1C13B66-9B8A-4C04-9C01-2D5346E3743F}"
EndProject
Project("{9A19103F-16F7-4668-BE54-9A1E7A4F7556}") = "Bongo.Core", "Bongo_InitialSetup (.NET 6)\Bongo.Core\Bongo.Core.csproj", "{EABF7497-7D66-4C45-A35C-086653B3DC7D}"
EndProject
Project("{9A19103F-16F7-4668-BE54-9A1E7A4F7556}") = "Bongo.DataAccess", "Bongo_InitialSetup (.NET 6)\Bongo.DataAccess\Bongo.DataAccess.csproj", "{3C54CD7A-2BE3-437A-919E-ACFBC6416BDA}"
EndProject
Project("{9A19103F-16F7-4668-BE54-9A1E7A4F7556}") = "Bongo.Models", "Bongo_InitialSetup (.NET 6)\Bongo.Models\Bongo.Models.csproj", "{E55F34FC-CFC5-4447-ADE4-2EAF3F0CCF55}"
EndProject
Project("{9A19103F-16F7-4668-BE54-9A1E7A4F7556}") = "Bongo.Web", "Bongo_InitialSetup (.NET 6)\Bongo.Web\Bongo.Web.csproj", "{58D57D1D-89A7-4379-9F87-1D0EC5C4CD3F}"
EndProject
Project("{9A19103F-16F7-4668-BE54-9A1E7A4F7556}") = "Bongo.Models.Tests", "Bongo.Models.Tests\Bongo.Models.Tests.csproj", "{A5711FFE-A975-49B1-88A4-0A98A99A75CD}"
EndProject
Project("{9A19103F-16F7-4668-BE54-9A1E7A4F7556}") = "Bongo.DataAccess.Tests", "Bongo.DataAccess.Tests\Bongo.DataAccess.Tests.csproj", "{A6A42F7D-3F7E-45F2-9416-2E844210A700}"
EndProject
Project("{FAE04EC0-301F-11D3-BF4B-00C04F79EFBC}") = "Bongo.Core.Tests", "Bongo.Core.Tests\Bongo.Core.Tests.csproj", "{1F7D5C4D-AFBE-4B8C-9E17-EE6C7B00A12A}"
EndProject
Project("{FAE04EC0-301F-11D3-BF4B-00C04F79EFBC}") = "Bongo.Web.Tests", "Bongo.Web.Tests\Bongo.Web.Tests.csproj", "{8C876DB2-0519-410E-B82C-CC816D70ACB7}"
EndProject
Global
	GlobalSection(SolutionConfigurationPlatforms) = preSolution
		Debug|Any CPU = Debug|Any CPU
		Release|Any CPU = Release|Any CPU
	EndGlobalSection
	GlobalSection(ProjectConfigurationPlatforms) = postSolution
		{9F490846-9A3F-4821-A26F-470CDB3BB5A8}.Debug|Any CPU.ActiveCfg = Debug|Any CPU
		{9F490846-9A3F-4821-A26F-470CDB3BB5A8}.Debug|Any CPU.Build.0 = Debug|Any CPU
		{9F490846-9A3F-4821-A26F-470CDB3BB5A8}.Release|Any CPU.ActiveCfg = Release|Any CPU
		{9F490846-9A3F-4821-A26F-470CDB3BB5A8}.Release|Any CPU.Build.0 = Release|Any CPU
		{68DBD62B-9049-4CEA-B480-073272F2F67B}.Debug|Any CPU.ActiveCfg = Debug|Any CPU
		{68DBD62B-9049-4CEA-B480-073272F2F67B}.Debug|Any CPU.Build.0 = Debug|Any CPU
		{68DBD62B-9049-4CEA-B480-073272F2F67B}.Release|Any CPU.ActiveCfg = Release|Any CPU
		{68DBD62B-9049-4CEA-B480-073272F2F67B}.Release|Any CPU.Build.0 = Release|Any CPU
		{CBCB2192-2799-496B-A821-BE60BC922F44}.Debug|Any CPU.ActiveCfg = Debug|Any CPU
		{CBCB2192-2799-496B-A821-BE60BC922F44}.Debug|Any CPU.Build.0 = Debug|Any CPU
		{CBCB2192-2799-496B-A821-BE60BC922F44}.Release|Any CPU.ActiveCfg = Release|Any CPU
		{CBCB2192-2799-496B-A821-BE60BC922F44}.Release|Any CPU.Build.0 = Release|Any CPU
		{8CF1FFC0-EFA8-43A8-9A33-FEE2286B9342}.Debug|Any CPU.ActiveCfg = Debug|Any CPU
		{8CF1FFC0-EFA8-43A8-9A33-FEE2286B9342}.Debug|Any CPU.Build.0 = Debug|Any CPU
		{8CF1FFC0-EFA8-43A8-9A33-FEE2286B9342}.Release|Any CPU.ActiveCfg = Release|Any CPU
		{8CF1FFC0-EFA8-43A8-9A33-FEE2286B9342}.Release|Any CPU.Build.0 = Release|Any CPU
		{EABF7497-7D66-4C45-A35C-086653B3DC7D}.Debug|Any CPU.ActiveCfg = Debug|Any CPU
		{EABF7497-7D66-4C45-A35C-086653B3DC7D}.Debug|Any CPU.Build.0 = Debug|Any CPU
		{EABF7497-7D66-4C45-A35C-086653B3DC7D}.Release|Any CPU.ActiveCfg = Release|Any CPU
		{EABF7497-7D66-4C45-A35C-086653B3DC7D}.Release|Any CPU.Build.0 = Release|Any CPU
		{3C54CD7A-2BE3-437A-919E-ACFBC6416BDA}.Debug|Any CPU.ActiveCfg = Debug|Any CPU
		{3C54CD7A-2BE3-437A-919E-ACFBC6416BDA}.Debug|Any CPU.Build.0 = Debug|Any CPU
		{3C54CD7A-2BE3-437A-919E-ACFBC6416BDA}.Release|Any CPU.ActiveCfg = Release|Any CPU
		{3C54CD7A-2BE3-437A-919E-ACFBC6416BDA}.Release|Any CPU.Build.0 = Release|Any CPU
		{E55F34FC-CFC5-4447-ADE4-2EAF3F0CCF55}.Debug|Any CPU.ActiveCfg = Debug|Any CPU
		{E55F34FC-CFC5-4447-ADE4-2EAF3F0CCF55}.Debug|Any CPU.Build.0 = Debug|Any CPU
		{E55F34FC-CFC5-4447-ADE4-2EAF3F0CCF55}.Release|Any CPU.ActiveCfg = Release|Any CPU
		{E55F34FC-CFC5-4447-ADE4-2EAF3F0CCF55}.Release|Any CPU.Build.0 = Release|Any CPU
		{58D57D1D-89A7-4379-9F87-1D0EC5C4CD3F}.Debug|Any CPU.ActiveCfg = Debug|Any CPU
		{58D57D1D-89A7-4379-9F87-1D0EC5C4CD3F}.Debug|Any CPU.Build.0 = Debug|Any CPU
		{58D57D1D-89A7-4379-9F87-1D0EC5C4CD3F}.Release|Any CPU.ActiveCfg = Release|Any CPU
		{58D57D1D-89A7-4379-9F87-1D0EC5C4CD3F}.Release|Any CPU.Build.0 = Release|Any CPU
		{A5711FFE-A975-49B1-88A4-0A98A99A75CD}.Debug|Any CPU.ActiveCfg = Debug|Any CPU
		{A5711FFE-A975-49B1-88A4-0A98A99A75CD}.Debug|Any CPU.Build.0 = Debug|Any CPU
		{A5711FFE-A975-49B1-88A4-0A98A99A75CD}.Release|Any CPU.ActiveCfg = Release|Any CPU
		{A5711FFE-A975-49B1-88A4-0A98A99A75CD}.Release|Any CPU.Build.0 = Release|Any CPU
		{A6A42F7D-3F7E-45F2-9416-2E844210A700}.Debug|Any CPU.ActiveCfg = Debug|Any CPU
		{A6A42F7D-3F7E-45F2-9416-2E844210A700}.Debug|Any CPU.Build.0 = Debug|Any CPU
		{A6A42F7D-3F7E-45F2-9416-2E844210A700}.Release|Any CPU.ActiveCfg = Release|Any CPU
		{A6A42F7D-3F7E-45F2-9416-2E844210A700}.Release|Any CPU.Build.0 = Release|Any CPU
		{1F7D5C4D-AFBE-4B8C-9E17-EE6C7B00A12A}.Debug|Any CPU.ActiveCfg = Debug|Any CPU
		{1F7D5C4D-AFBE-4B8C-9E17-EE6C7B00A12A}.Debug|Any CPU.Build.0 = Debug|Any CPU
		{1F7D5C4D-AFBE-4B8C-9E17-EE6C7B00A12A}.Release|Any CPU.ActiveCfg = Release|Any CPU
		{1F7D5C4D-AFBE-4B8C-9E17-EE6C7B00A12A}.Release|Any CPU.Build.0 = Release|Any CPU
		{8C876DB2-0519-410E-B82C-CC816D70ACB7}.Debug|Any CPU.ActiveCfg = Debug|Any CPU
		{8C876DB2-0519-410E-B82C-CC816D70ACB7}.Debug|Any CPU.Build.0 = Debug|Any CPU
		{8C876DB2-0519-410E-B82C-CC816D70ACB7}.Release|Any CPU.ActiveCfg = Release|Any CPU
		{8C876DB2-0519-410E-B82C-CC816D70ACB7}.Release|Any CPU.Build.0 = Release|Any CPU
	EndGlobalSection
	GlobalSection(SolutionProperties) = preSolution
		HideSolutionNode = FALSE
	EndGlobalSection
	GlobalSection(NestedProjects) = preSolution
		{9F490846-9A3F-4821-A26F-470CDB3BB5A8} = {CBAABB1B-CB61-453A-BC9B-0BA96389F227}
		{68DBD62B-9049-4CEA-B480-073272F2F67B} = {CBAABB1B-CB61-453A-BC9B-0BA96389F227}
		{CBCB2192-2799-496B-A821-BE60BC922F44} = {CBAABB1B-CB61-453A-BC9B-0BA96389F227}
		{8CF1FFC0-EFA8-43A8-9A33-FEE2286B9342} = {CBAABB1B-CB61-453A-BC9B-0BA96389F227}
		{EABF7497-7D66-4C45-A35C-086653B3DC7D} = {C1C13B66-9B8A-4C04-9C01-2D5346E3743F}
		{3C54CD7A-2BE3-437A-919E-ACFBC6416BDA} = {C1C13B66-9B8A-4C04-9C01-2D5346E3743F}
		{E55F34FC-CFC5-4447-ADE4-2EAF3F0CCF55} = {C1C13B66-9B8A-4C04-9C01-2D5346E3743F}
		{58D57D1D-89A7-4379-9F87-1D0EC5C4CD3F} = {C1C13B66-9B8A-4C04-9C01-2D5346E3743F}
		{A5711FFE-A975-49B1-88A4-0A98A99A75CD} = {C1C13B66-9B8A-4C04-9C01-2D5346E3743F}
		{A6A42F7D-3F7E-45F2-9416-2E844210A700} = {C1C13B66-9B8A-4C04-9C01-2D5346E3743F}
		{1F7D5C4D-AFBE-4B8C-9E17-EE6C7B00A12A} = {C1C13B66-9B8A-4C04-9C01-2D5346E3743F}
		{8C876DB2-0519-410E-B82C-CC816D70ACB7} = {C1C13B66-9B8A-4C04-9C01-2D5346E3743F}
	EndGlobalSection
	GlobalSection(ExtensibilityGlobals) = postSolution
		SolutionGuid = {7E812055-2E78-4060-A9E2-A5934CD68F4C}
	EndGlobalSection
EndGlobal
