
Microsoft Visual Studio Solution File, Format Version 12.00
# Visual Studio Version 17
VisualStudioVersion = 17.0.31410.414
MinimumVisualStudioVersion = 10.0.40219.1
Project("{9A19103F-16F7-4668-BE54-9A1E7A4F7556}") = "Sparky", "Sparky\Sparky.csproj", "{9F490846-9A3F-4821-A26F-470CDB3BB5A8}"
EndProject
Project("{9A19103F-16F7-4668-BE54-9A1E7A4F7556}") = "SparkyMSTest", "SparkyMSTest\SparkyMSTest.csproj", "{68DBD62B-9049-4CEA-B480-073272F2F67B}"
EndProject
Project("{9A19103F-16F7-4668-BE54-9A1E7A4F7556}") = "SparkyNUnitTest", "SparkyNUnitTest\SparkyNUnitTest.csproj", "{CBCB2192-2799-496B-A821-BE60BC922F44}"
EndProject
Project("{FAE04EC0-301F-11D3-BF4B-00C04F79EFBC}") = "SparkyXUnit", "SparkyXUnit\SparkyXUnit.csproj", "{8CF1FFC0-EFA8-43A8-9A33-FEE2286B9342}"
EndProject
Global
	GlobalSection(SolutionConfigurationPlatforms) = preSolution
		Debug|Any CPU = Debug|Any CPU
		Release|Any CPU = Release|Any CPU
	EndGlobalSection
	GlobalSection(ProjectConfigurationPlatforms) = postSolution
		{9F490846-9A3F-4821-A26F-470CDB3BB5A8}.Debug|Any CPU.ActiveCfg = Debug|Any CPU
		{9F490846-9A3F-4821-A26F-470CDB3BB5A8}.Debug|Any CPU.Build.0 = Debug|Any CPU
		{9F490846-9A3F-4821-A26F-470CDB3BB5A8}.Release|Any CPU.ActiveCfg = Release|Any CPU
		{9F490846-9A3F-4821-A26F-470CDB3BB5A8}.Release|Any CPU.Build.0 = Release|Any CPU
		{68DBD62B-9049-4CEA-B480-073272F2F67B}.Debug|Any CPU.ActiveCfg = Debug|Any CPU
		{68DBD62B-9049-4CEA-B480-073272F2F67B}.Debug|Any CPU.Build.0 = Debug|Any CPU
		{68DBD62B-9049-4CEA-B480-073272F2F67B}.Release|Any CPU.ActiveCfg = Release|Any CPU
		{68DBD62B-9049-4CEA-B480-073272F2F67B}.Release|Any CPU.Build.0 = Release|Any CPU
		{CBCB2192-2799-496B-A821-BE60BC922F44}.Debug|Any CPU.ActiveCfg = Debug|Any CPU
		{CBCB2192-2799-496B-A821-BE60BC922F44}.Debug|Any CPU.Build.0 = Debug|Any CPU
		{CBCB2192-2799-496B-A821-BE60BC922F44}.Release|Any CPU.ActiveCfg = Release|Any CPU
		{CBCB2192-2799-496B-A821-BE60BC922F44}.Release|Any CPU.Build.0 = Release|Any CPU
		{8CF1FFC0-EFA8-43A8-9A33-FEE2286B9342}.Debug|Any CPU.ActiveCfg = Debug|Any CPU
		{8CF1FFC0-EFA8-43A8-9A33-FEE2286B9342}.Debug|Any CPU.Build.0 = Debug|Any CPU
		{8CF1FFC0-EFA8-43A8-9A33-FEE2286B9342}.Release|Any CPU.ActiveCfg = Release|Any CPU
		{8CF1FFC0-EFA8-43A8-9A33-FEE2286B9342}.Release|Any CPU.Build.0 = Release|Any CPU
	EndGlobalSection
	GlobalSection(SolutionProperties) = preSolution
		HideSolutionNode = FALSE
	EndGlobalSection
	GlobalSection(ExtensibilityGlobals) = postSolution
		SolutionGuid = {7E812055-2E78-4060-A9E2-A5934CD68F4C}
	EndGlobalSection
EndGlobal
